
Microsoft Visual Studio Solution File, Format Version 12.00
# Visual Studio Version 17
VisualStudioVersion = 17.5.002.0
MinimumVisualStudioVersion = 10.0.40219.1
Project("{2150E333-8FDC-42A3-9474-1A3956D46DE8}") = "Libraries", "Libraries", "{2420BA09-A39B-42CC-A699-6737EEFA204A}"
EndProject
Project("{9A19103F-16F7-4668-BE54-9A1E7A4F7556}") = "Business.teledoc", "Libraries\Business.teledoc\Business.teledoc.csproj", "{E0B4AE52-1B7C-41D7-B9D1-7E2F0ECF36DA}"
EndProject
Project("{9A19103F-16F7-4668-BE54-9A1E7A4F7556}") = "DataAccess.teledoc", "Libraries\DataAccess.teledoc\DataAccess.teledoc.csproj", "{2E6EE006-322B-437C-88E2-50E45BDBD920}"
EndProject
Project("{9A19103F-16F7-4668-BE54-9A1E7A4F7556}") = "Domain.teledoc", "Libraries\Domain.teledoc\Domain.teledoc.csproj", "{9290E84A-B700-4248-A59A-D8AD22113E4C}"
EndProject
Project("{9A19103F-16F7-4668-BE54-9A1E7A4F7556}") = "Infrastructure.teledoc", "Libraries\Infrastructure.teledoc\Infrastructure.teledoc.csproj", "{946237F3-0590-42D5-A035-979EEBB2674B}"
EndProject
Project("{2150E333-8FDC-42A3-9474-1A3956D46DE8}") = "API.teledoc", "API.teledoc", "{F92F3E09-8B50-4D44-A2FE-83F8BA9B9D2D}"
EndProject
Project("{9A19103F-16F7-4668-BE54-9A1E7A4F7556}") = "API.teledoc", "API.teledoc\API.teledoc.csproj", "{CEDDCEC3-FBF4-41C7-81B9-86AC36D31AAE}"
EndProject
Project("{9A19103F-16F7-4668-BE54-9A1E7A4F7556}") = "Tests.teledoc", "Tests\Tests\Tests.csproj", "{NEW_GUID_HERE}"
EndProject
Project("{9A191032-16F7-4668-BE54-9A1E7A4F7556}") = "TestslIB.teledoc", "Tests\Library\Library.csproj", "{NEW_GUID_HERE}"
EndProject



EndProject
Global
	GlobalSection(SolutionConfigurationPlatforms) = preSolution
		Debug|Any CPU = Debug|Any CPU
		Release|Any CPU = Release|Any CPU
	EndGlobalSection
	GlobalSection(ProjectConfigurationPlatforms) = postSolution
		{E0B4AE52-1B7C-41D7-B9D1-7E2F0ECF36DA}.Debug|Any CPU.ActiveCfg = Debug|Any CPU
		{E0B4AE52-1B7C-41D7-B9D1-7E2F0ECF36DA}.Debug|Any CPU.Build.0 = Debug|Any CPU
		{E0B4AE52-1B7C-41D7-B9D1-7E2F0ECF36DA}.Release|Any CPU.ActiveCfg = Release|Any CPU
		{E0B4AE52-1B7C-41D7-B9D1-7E2F0ECF36DA}.Release|Any CPU.Build.0 = Release|Any CPU
		{2E6EE006-322B-437C-88E2-50E45BDBD920}.Debug|Any CPU.ActiveCfg = Debug|Any CPU
		{2E6EE006-322B-437C-88E2-50E45BDBD920}.Debug|Any CPU.Build.0
		{2E6EE006-322B-437C-88E2-50E45BDBD920}.Release|Any CPU.Build.0 = Release|Any CPU
		{9290E84A-B700-4248-A59A-D8AD22113E4C}.Debug|Any CPU.ActiveCfg = = Debug|Any CPU
		{2E6EE006-322B-437C-88E2-50E45BDBD920}.Release|Any CPU.ActiveCfg = Release|Any CPU Debug|Any CPU
		{9290E84A-B700-4248-A59A-D8AD22113E4C}.Debug|Any CPU.Build.0 = Debug|Any CPU
		{9290E84A-B700-4248-A59A-D8AD22113E4C}.Release|Any CPU.ActiveCfg = Release|Any CPU
		{9290E84A-B700-4248-A59A-D8AD22113E4C}.Release|Any CPU.Build.0 = Release|Any CPU
		{946237F3-0590-42D5-A035-979EEBB2674B}.Debug|Any CPU.ActiveCfg = Debug|Any CPU
		{946237F3-0590-42D5-A035-979EEBB2674B}.Debug|Any CPU.Build.0 = Debug|Any CPU
		{946237F3-0590-42D5-A035-979EEBB2674B}.Release|Any CPU.ActiveCfg = Release|Any CPU
		{946237F3-0590-42D5-A035-979EEBB2674B}.Release|Any CPU.Build.0 = Release|Any CPU
		{CEDDCEC3-FBF4-41C7-81B9-86AC36D31AAE}.Debug|Any CPU.ActiveCfg = Debug|Any CPU
		{CEDDCEC3-FBF4-41C7-81B9-86AC36D31AAE}.Debug|Any CPU.Build.0 = Debug|Any CPU
		{CEDDCEC3-FBF4-41C7-81B9-86AC36D31AAE}.Release|Any CPU.ActiveCfg = Release|Any CPU
		{CEDDCEC3-FBF4-41C7-81B9-86AC36D31AAE}.Release|Any CPU.Build.0 = Release|Any CPU
		{BE50C5AE-F03F-4B58-A548-44BC5984B805}.Debug|Any CPU.ActiveCfg = Debug|Any CPU
		{BE50C5AE-F03F-4B58-A548-44BC5984B805}.Debug|Any CPU.Build.0 = Debug|Any CPU
		{BE50C5AE-F03F-4B58-A548-44BC5984B805}.Release|Any CPU.ActiveCfg = Release|Any CPU
		{BE50C5AE-F03F-4B58-A548-44BC5984B805}.Release|Any CPU.Build.0 = Release|Any CPU
		{A11B88AD-F00E-4876-BECA-F012C5A2D0C9}.Debug|Any CPU.ActiveCfg = Debug|Any CPU
		{A11B88AD-F00E-4876-BECA-F012C5A2D0C9}.Debug|Any CPU.Build.0 = Debug|Any CPU
		{A11B88AD-F00E-4876-BECA-F012C5A2D0C9}.Release|Any CPU.ActiveCfg = Release|Any CPU
		{A11B88AD-F00E-4876-BECA-F012C5A2D0C9}.Release|Any CPU.Build.0 = Release|Any CPU
		{F859535E-7DC8-4E52-8E38-0CE51D0D5D79}.Debug|Any CPU.ActiveCfg = Debug|Any CPU
		{F859535E-7DC8-4E52-8E38-0CE51D0D5D79}.Debug|Any CPU.Build.0 = Debug|Any CPU
		{F859535E-7DC8-4E52-8E38-0CE51D0D5D79}.Release|Any CPU.ActiveCfg = Release|Any CPU
		{F859535E-7DC8-4E52-8E38-0CE51D0D5D79}.Release|Any CPU.Build.0 = Release|Any CPU
		{01E35A4E-F2DB-4EEF-A388-FE7474E0BC62}.Debug|Any CPU.ActiveCfg = Debug|Any CPU
		{01E35A4E-F2DB-4EEF-A388-FE7474E0BC62}.Debug|Any CPU.Build.0 = Debug|Any CPU
		{01E35A4E-F2DB-4EEF-A388-FE7474E0BC62}.Release|Any CPU.ActiveCfg = Release|Any CPU
		{01E35A4E-F2DB-4EEF-A388-FE7474E0BC62}.Release|Any CPU.Build.0 = Release|Any CPU
	EndGlobalSection
	GlobalSection(SolutionProperties) = preSolution
		HideSolutionNode = FALSE
	EndGlobalSection
	GlobalSection(NestedProjects) = preSolution
		{E0B4AE52-1B7C-41D7-B9D1-7E2F0ECF36DA} = {2420BA09-A39B-42CC-A699-6737EEFA204A}
		{2E6EE006-322B-437C-88E2-50E45BDBD920} = {2420BA09-A39B-42CC-A699-6737EEFA204A}
		{9290E84A-B700-4248-A59A-D8AD22113E4C} = {2420BA09-A39B-42CC-A699-6737EEFA204A}
		{946237F3-0590-42D5-A035-979EEBB2674B} = {2420BA09-A39B-42CC-A699-6737EEFA204A}
		{CEDDCEC3-FBF4-41C7-81B9-86AC36D31AAE} = {F92F3E09-8B50-4D44-A2FE-83F8BA9B9D2D}
		{CEC0A9CF-151B-4735-8E12-142AB8542EFE} = {F92F3E09-8B50-4D44-A2FE-83F8BA9B9D2D}
		{BE50C5AE-F03F-4B58-A548-44BC5984B805} = {CEC0A9CF-151B-4735-8E12-142AB8542EFE}
		{A11B88AD-F00E-4876-BECA-F012C5A2D0C9} = {CEC0A9CF-151B-4735-8E12-142AB8542EFE}
		{F859535E-7DC8-4E52-8E38-0CE51D0D5D79} = {CEC0A9CF-151B-4735-8E12-142AB8542EFE}
		{01E35A4E-F2DB-4EEF-A388-FE7474E0BC62} = {CEC0A9CF-151B-4735-8E12-142AB8542EFE}
	EndGlobalSection
	GlobalSection(ExtensibilityGlobals) = postSolution
		SolutionGuid = {9BAE499F-0957-41DE-AF3D-4C9DEFDE3B81}
	EndGlobalSection
EndGlobal
